// !$*UTF8*$!
{
	archiveVersion = 1;
	classes = {
	};
	objectVersion = 46;
	objects = {

/* Begin PBXBuildFile section */
		4B7CC8E21C1FDEF7002013BE /* main.m in Sources */ = {isa = PBXBuildFile; fileRef = 4B7CC8E11C1FDEF7002013BE /* main.m */; };
		4B7CC8E51C1FDEF7002013BE /* AppDelegate.m in Sources */ = {isa = PBXBuildFile; fileRef = 4B7CC8E41C1FDEF7002013BE /* AppDelegate.m */; };
		4B7CC8E81C1FDEF7002013BE /* ViewController.m in Sources */ = {isa = PBXBuildFile; fileRef = 4B7CC8E71C1FDEF7002013BE /* ViewController.m */; };
		4B7CC8EB1C1FDEF7002013BE /* Main.storyboard in Resources */ = {isa = PBXBuildFile; fileRef = 4B7CC8E91C1FDEF7002013BE /* Main.storyboard */; };
		4B7CC8ED1C1FDEF7002013BE /* Assets.xcassets in Resources */ = {isa = PBXBuildFile; fileRef = 4B7CC8EC1C1FDEF7002013BE /* Assets.xcassets */; };
		4B7CC8F01C1FDEF7002013BE /* LaunchScreen.storyboard in Resources */ = {isa = PBXBuildFile; fileRef = 4B7CC8EE1C1FDEF7002013BE /* LaunchScreen.storyboard */; };
		4B7CC8FB1C1FDEF7002013BE /* __dimensional_bar_code_wzxTests.m in Sources */ = {isa = PBXBuildFile; fileRef = 4B7CC8FA1C1FDEF7002013BE /* __dimensional_bar_code_wzxTests.m */; };
		4B7CC9061C1FDEF7002013BE /* __dimensional_bar_code_wzxUITests.m in Sources */ = {isa = PBXBuildFile; fileRef = 4B7CC9051C1FDEF7002013BE /* __dimensional_bar_code_wzxUITests.m */; };
		4B7CC9141C1FDFAF002013BE /* AVFoundation.framework in Frameworks */ = {isa = PBXBuildFile; fileRef = 4B7CC9131C1FDFAF002013BE /* AVFoundation.framework */; };
/* End PBXBuildFile section */

/* Begin PBXContainerItemProxy section */
		4B7CC8F71C1FDEF7002013BE /* PBXContainerItemProxy */ = {
			isa = PBXContainerItemProxy;
			containerPortal = 4B7CC8D51C1FDEF7002013BE /* Project object */;
			proxyType = 1;
			remoteGlobalIDString = 4B7CC8DC1C1FDEF7002013BE;
			remoteInfo = "2-dimensional bar code_wzx";
		};
		4B7CC9021C1FDEF7002013BE /* PBXContainerItemProxy */ = {
			isa = PBXContainerItemProxy;
			containerPortal = 4B7CC8D51C1FDEF7002013BE /* Project object */;
			proxyType = 1;
			remoteGlobalIDString = 4B7CC8DC1C1FDEF7002013BE;
			remoteInfo = "2-dimensional bar code_wzx";
		};
/* End PBXContainerItemProxy section */

/* Begin PBXFileReference section */
		4B7CC8DD1C1FDEF7002013BE /* 2-dimensional bar code_wzx.app */ = {isa = PBXFileReference; explicitFileType = wrapper.application; includeInIndex = 0; path = "2-dimensional bar code_wzx.app"; sourceTree = BUILT_PRODUCTS_DIR; };
		4B7CC8E11C1FDEF7002013BE /* main.m */ = {isa = PBXFileReference; lastKnownFileType = sourcecode.c.objc; path = main.m; sourceTree = "<group>"; };
		4B7CC8E31C1FDEF7002013BE /* AppDelegate.h */ = {isa = PBXFileReference; lastKnownFileType = sourcecode.c.h; path = AppDelegate.h; sourceTree = "<group>"; };
		4B7CC8E41C1FDEF7002013BE /* AppDelegate.m */ = {isa = PBXFileReference; lastKnownFileType = sourcecode.c.objc; path = AppDelegate.m; sourceTree = "<group>"; };
		4B7CC8E61C1FDEF7002013BE /* ViewController.h */ = {isa = PBXFileReference; lastKnownFileType = sourcecode.c.h; path = ViewController.h; sourceTree = "<group>"; };
		4B7CC8E71C1FDEF7002013BE /* ViewController.m */ = {isa = PBXFileReference; lastKnownFileType = sourcecode.c.objc; path = ViewController.m; sourceTree = "<group>"; };
		4B7CC8EA1C1FDEF7002013BE /* Base */ = {isa = PBXFileReference; lastKnownFileType = file.storyboard; name = Base; path = Base.lproj/Main.storyboard; sourceTree = "<group>"; };
		4B7CC8EC1C1FDEF7002013BE /* Assets.xcassets */ = {isa = PBXFileReference; lastKnownFileType = folder.assetcatalog; path = Assets.xcassets; sourceTree = "<group>"; };
		4B7CC8EF1C1FDEF7002013BE /* Base */ = {isa = PBXFileReference; lastKnownFileType = file.storyboard; name = Base; path = Base.lproj/LaunchScreen.storyboard; sourceTree = "<group>"; };
		4B7CC8F11C1FDEF7002013BE /* Info.plist */ = {isa = PBXFileReference; lastKnownFileType = text.plist.xml; path = Info.plist; sourceTree = "<group>"; };
		4B7CC8F61C1FDEF7002013BE /* 2-dimensional bar code_wzxTests.xctest */ = {isa = PBXFileReference; explicitFileType = wrapper.cfbundle; includeInIndex = 0; path = "2-dimensional bar code_wzxTests.xctest"; sourceTree = BUILT_PRODUCTS_DIR; };
		4B7CC8FA1C1FDEF7002013BE /* __dimensional_bar_code_wzxTests.m */ = {isa = PBXFileReference; lastKnownFileType = sourcecode.c.objc; path = __dimensional_bar_code_wzxTests.m; sourceTree = "<group>"; };
		4B7CC8FC1C1FDEF7002013BE /* Info.plist */ = {isa = PBXFileReference; lastKnownFileType = text.plist.xml; path = Info.plist; sourceTree = "<group>"; };
		4B7CC9011C1FDEF7002013BE /* 2-dimensional bar code_wzxUITests.xctest */ = {isa = PBXFileReference; explicitFileType = wrapper.cfbundle; includeInIndex = 0; path = "2-dimensional bar code_wzxUITests.xctest"; sourceTree = BUILT_PRODUCTS_DIR; };
		4B7CC9051C1FDEF7002013BE /* __dimensional_bar_code_wzxUITests.m */ = {isa = PBXFileReference; lastKnownFileType = sourcecode.c.objc; path = __dimensional_bar_code_wzxUITests.m; sourceTree = "<group>"; };
		4B7CC9071C1FDEF7002013BE /* Info.plist */ = {isa = PBXFileReference; lastKnownFileType = text.plist.xml; path = Info.plist; sourceTree = "<group>"; };
		4B7CC9131C1FDFAF002013BE /* AVFoundation.framework */ = {isa = PBXFileReference; lastKnownFileType = wrapper.framework; name = AVFoundation.framework; path = System/Library/Frameworks/AVFoundation.framework; sourceTree = SDKROOT; };
/* End PBXFileReference section */

/* Begin PBXFrameworksBuildPhase section */
		4B7CC8DA1C1FDEF7002013BE /* Frameworks */ = {
			isa = PBXFrameworksBuildPhase;
			buildActionMask = 2147483647;
			files = (
				4B7CC9141C1FDFAF002013BE /* AVFoundation.framework in Frameworks */,
			);
			runOnlyForDeploymentPostprocessing = 0;
		};
		4B7CC8F31C1FDEF7002013BE /* Frameworks */ = {
			isa = PBXFrameworksBuildPhase;
			buildActionMask = 2147483647;
			files = (
			);
			runOnlyForDeploymentPostprocessing = 0;
		};
		4B7CC8FE1C1FDEF7002013BE /* Frameworks */ = {
			isa = PBXFrameworksBuildPhase;
			buildActionMask = 2147483647;
			files = (
			);
			runOnlyForDeploymentPostprocessing = 0;
		};
/* End PBXFrameworksBuildPhase section */

/* Begin PBXGroup section */
		4B7CC8D41C1FDEF7002013BE = {
			isa = PBXGroup;
			children = (
				4B7CC9131C1FDFAF002013BE /* AVFoundation.framework */,
				4B7CC8DF1C1FDEF7002013BE /* 2-dimensional bar code_wzx */,
				4B7CC8F91C1FDEF7002013BE /* 2-dimensional bar code_wzxTests */,
				4B7CC9041C1FDEF7002013BE /* 2-dimensional bar code_wzxUITests */,
				4B7CC8DE1C1FDEF7002013BE /* Products */,
			);
			sourceTree = "<group>";
		};
		4B7CC8DE1C1FDEF7002013BE /* Products */ = {
			isa = PBXGroup;
			children = (
				4B7CC8DD1C1FDEF7002013BE /* 2-dimensional bar code_wzx.app */,
				4B7CC8F61C1FDEF7002013BE /* 2-dimensional bar code_wzxTests.xctest */,
				4B7CC9011C1FDEF7002013BE /* 2-dimensional bar code_wzxUITests.xctest */,
			);
			name = Products;
			sourceTree = "<group>";
		};
		4B7CC8DF1C1FDEF7002013BE /* 2-dimensional bar code_wzx */ = {
			isa = PBXGroup;
			children = (
				4B7CC8E31C1FDEF7002013BE /* AppDelegate.h */,
				4B7CC8E41C1FDEF7002013BE /* AppDelegate.m */,
				4B7CC8E61C1FDEF7002013BE /* ViewController.h */,
				4B7CC8E71C1FDEF7002013BE /* ViewController.m */,
				4B7CC8E91C1FDEF7002013BE /* Main.storyboard */,
				4B7CC8EC1C1FDEF7002013BE /* Assets.xcassets */,
				4B7CC8EE1C1FDEF7002013BE /* LaunchScreen.storyboard */,
				4B7CC8F11C1FDEF7002013BE /* Info.plist */,
				4B7CC8E01C1FDEF7002013BE /* Supporting Files */,
			);
			path = "2-dimensional bar code_wzx";
			sourceTree = "<group>";
		};
		4B7CC8E01C1FDEF7002013BE /* Supporting Files */ = {
			isa = PBXGroup;
			children = (
				4B7CC8E11C1FDEF7002013BE /* main.m */,
			);
			name = "Supporting Files";
			sourceTree = "<group>";
		};
		4B7CC8F91C1FDEF7002013BE /* 2-dimensional bar code_wzxTests */ = {
			isa = PBXGroup;
			children = (
				4B7CC8FA1C1FDEF7002013BE /* __dimensional_bar_code_wzxTests.m */,
				4B7CC8FC1C1FDEF7002013BE /* Info.plist */,
			);
			path = "2-dimensional bar code_wzxTests";
			sourceTree = "<group>";
		};
		4B7CC9041C1FDEF7002013BE /* 2-dimensional bar code_wzxUITests */ = {
			isa = PBXGroup;
			children = (
				4B7CC9051C1FDEF7002013BE /* __dimensional_bar_code_wzxUITests.m */,
				4B7CC9071C1FDEF7002013BE /* Info.plist */,
			);
			path = "2-dimensional bar code_wzxUITests";
			sourceTree = "<group>";
		};
/* End PBXGroup section */

/* Begin PBXNativeTarget section */
		4B7CC8DC1C1FDEF7002013BE /* 2-dimensional bar code_wzx */ = {
			isa = PBXNativeTarget;
			buildConfigurationList = 4B7CC90A1C1FDEF7002013BE /* Build configuration list for PBXNativeTarget "2-dimensional bar code_wzx" */;
			buildPhases = (
				4B7CC8D91C1FDEF7002013BE /* Sources */,
				4B7CC8DA1C1FDEF7002013BE /* Frameworks */,
				4B7CC8DB1C1FDEF7002013BE /* Resources */,
			);
			buildRules = (
			);
			dependencies = (
			);
			name = "2-dimensional bar code_wzx";
			productName = "2-dimensional bar code_wzx";
			productReference = 4B7CC8DD1C1FDEF7002013BE /* 2-dimensional bar code_wzx.app */;
			productType = "com.apple.product-type.application";
		};
		4B7CC8F51C1FDEF7002013BE /* 2-dimensional bar code_wzxTests */ = {
			isa = PBXNativeTarget;
			buildConfigurationList = 4B7CC90D1C1FDEF7002013BE /* Build configuration list for PBXNativeTarget "2-dimensional bar code_wzxTests" */;
			buildPhases = (
				4B7CC8F21C1FDEF7002013BE /* Sources */,
				4B7CC8F31C1FDEF7002013BE /* Frameworks */,
				4B7CC8F41C1FDEF7002013BE /* Resources */,
			);
			buildRules = (
			);
			dependencies = (
				4B7CC8F81C1FDEF7002013BE /* PBXTargetDependency */,
			);
			name = "2-dimensional bar code_wzxTests";
			productName = "2-dimensional bar code_wzxTests";
			productReference = 4B7CC8F61C1FDEF7002013BE /* 2-dimensional bar code_wzxTests.xctest */;
			productType = "com.apple.product-type.bundle.unit-test";
		};
		4B7CC9001C1FDEF7002013BE /* 2-dimensional bar code_wzxUITests */ = {
			isa = PBXNativeTarget;
			buildConfigurationList = 4B7CC9101C1FDEF7002013BE /* Build configuration list for PBXNativeTarget "2-dimensional bar code_wzxUITests" */;
			buildPhases = (
				4B7CC8FD1C1FDEF7002013BE /* Sources */,
				4B7CC8FE1C1FDEF7002013BE /* Frameworks */,
				4B7CC8FF1C1FDEF7002013BE /* Resources */,
			);
			buildRules = (
			);
			dependencies = (
				4B7CC9031C1FDEF7002013BE /* PBXTargetDependency */,
			);
			name = "2-dimensional bar code_wzxUITests";
			productName = "2-dimensional bar code_wzxUITests";
			productReference = 4B7CC9011C1FDEF7002013BE /* 2-dimensional bar code_wzxUITests.xctest */;
			productType = "com.apple.product-type.bundle.ui-testing";
		};
/* End PBXNativeTarget section */

/* Begin PBXProject section */
		4B7CC8D51C1FDEF7002013BE /* Project object */ = {
			isa = PBXProject;
			attributes = {
				LastUpgradeCheck = 0710;
				ORGANIZATIONNAME = wzx;
				TargetAttributes = {
					4B7CC8DC1C1FDEF7002013BE = {
						CreatedOnToolsVersion = 7.1.1;
						DevelopmentTeam = 52TXXFTT5L;
					};
					4B7CC8F51C1FDEF7002013BE = {
						CreatedOnToolsVersion = 7.1.1;
						TestTargetID = 4B7CC8DC1C1FDEF7002013BE;
					};
					4B7CC9001C1FDEF7002013BE = {
						CreatedOnToolsVersion = 7.1.1;
						TestTargetID = 4B7CC8DC1C1FDEF7002013BE;
					};
				};
			};
			buildConfigurationList = 4B7CC8D81C1FDEF7002013BE /* Build configuration list for PBXProject "2-dimensional bar code_wzx" */;
			compatibilityVersion = "Xcode 3.2";
			developmentRegion = English;
			hasScannedForEncodings = 0;
			knownRegions = (
				en,
				Base,
			);
			mainGroup = 4B7CC8D41C1FDEF7002013BE;
			productRefGroup = 4B7CC8DE1C1FDEF7002013BE /* Products */;
			projectDirPath = "";
			projectRoot = "";
			targets = (
				4B7CC8DC1C1FDEF7002013BE /* 2-dimensional bar code_wzx */,
				4B7CC8F51C1FDEF7002013BE /* 2-dimensional bar code_wzxTests */,
				4B7CC9001C1FDEF7002013BE /* 2-dimensional bar code_wzxUITests */,
			);
		};
/* End PBXProject section */

/* Begin PBXResourcesBuildPhase section */
		4B7CC8DB1C1FDEF7002013BE /* Resources */ = {
			isa = PBXResourcesBuildPhase;
			buildActionMask = 2147483647;
			files = (
				4B7CC8F01C1FDEF7002013BE /* LaunchScreen.storyboard in Resources */,
				4B7CC8ED1C1FDEF7002013BE /* Assets.xcassets in Resources */,
				4B7CC8EB1C1FDEF7002013BE /* Main.storyboard in Resources */,
			);
			runOnlyForDeploymentPostprocessing = 0;
		};
		4B7CC8F41C1FDEF7002013BE /* Resources */ = {
			isa = PBXResourcesBuildPhase;
			buildActionMask = 2147483647;
			files = (
			);
			runOnlyForDeploymentPostprocessing = 0;
		};
		4B7CC8FF1C1FDEF7002013BE /* Resources */ = {
			isa = PBXResourcesBuildPhase;
			buildActionMask = 2147483647;
			files = (
			);
			runOnlyForDeploymentPostprocessing = 0;
		};
/* End PBXResourcesBuildPhase section */

/* Begin PBXSourcesBuildPhase section */
		4B7CC8D91C1FDEF7002013BE /* Sources */ = {
			isa = PBXSourcesBuildPhase;
			buildActionMask = 2147483647;
			files = (
				4B7CC8E81C1FDEF7002013BE /* ViewController.m in Sources */,
				4B7CC8E51C1FDEF7002013BE /* AppDelegate.m in Sources */,
				4B7CC8E21C1FDEF7002013BE /* main.m in Sources */,
			);
			runOnlyForDeploymentPostprocessing = 0;
		};
		4B7CC8F21C1FDEF7002013BE /* Sources */ = {
			isa = PBXSourcesBuildPhase;
			buildActionMask = 2147483647;
			files = (
				4B7CC8FB1C1FDEF7002013BE /* __dimensional_bar_code_wzxTests.m in Sources */,
			);
			runOnlyForDeploymentPostprocessing = 0;
		};
		4B7CC8FD1C1FDEF7002013BE /* Sources */ = {
			isa = PBXSourcesBuildPhase;
			buildActionMask = 2147483647;
			files = (
				4B7CC9061C1FDEF7002013BE /* __dimensional_bar_code_wzxUITests.m in Sources */,
			);
			runOnlyForDeploymentPostprocessing = 0;
		};
/* End PBXSourcesBuildPhase section */

/* Begin PBXTargetDependency section */
		4B7CC8F81C1FDEF7002013BE /* PBXTargetDependency */ = {
			isa = PBXTargetDependency;
			target = 4B7CC8DC1C1FDEF7002013BE /* 2-dimensional bar code_wzx */;
			targetProxy = 4B7CC8F71C1FDEF7002013BE /* PBXContainerItemProxy */;
		};
		4B7CC9031C1FDEF7002013BE /* PBXTargetDependency */ = {
			isa = PBXTargetDependency;
			target = 4B7CC8DC1C1FDEF7002013BE /* 2-dimensional bar code_wzx */;
			targetProxy = 4B7CC9021C1FDEF7002013BE /* PBXContainerItemProxy */;
		};
/* End PBXTargetDependency section */

/* Begin PBXVariantGroup section */
		4B7CC8E91C1FDEF7002013BE /* Main.storyboard */ = {
			isa = PBXVariantGroup;
			children = (
				4B7CC8EA1C1FDEF7002013BE /* Base */,
			);
			name = Main.storyboard;
			sourceTree = "<group>";
		};
		4B7CC8EE1C1FDEF7002013BE /* LaunchScreen.storyboard */ = {
			isa = PBXVariantGroup;
			children = (
				4B7CC8EF1C1FDEF7002013BE /* Base */,
			);
			name = LaunchScreen.storyboard;
			sourceTree = "<group>";
		};
/* End PBXVariantGroup section */

/* Begin XCBuildConfiguration section */
		4B7CC9081C1FDEF7002013BE /* Debug */ = {
			isa = XCBuildConfiguration;
			buildSettings = {
				ALWAYS_SEARCH_USER_PATHS = NO;
				CLANG_CXX_LANGUAGE_STANDARD = "gnu++0x";
				CLANG_CXX_LIBRARY = "libc++";
				CLANG_ENABLE_MODULES = YES;
				CLANG_ENABLE_OBJC_ARC = YES;
				CLANG_WARN_BOOL_CONVERSION = YES;
				CLANG_WARN_CONSTANT_CONVERSION = YES;
				CLANG_WARN_DIRECT_OBJC_ISA_USAGE = YES_ERROR;
				CLANG_WARN_EMPTY_BODY = YES;
				CLANG_WARN_ENUM_CONVERSION = YES;
				CLANG_WARN_INT_CONVERSION = YES;
				CLANG_WARN_OBJC_ROOT_CLASS = YES_ERROR;
				CLANG_WARN_UNREACHABLE_CODE = YES;
				CLANG_WARN__DUPLICATE_METHOD_MATCH = YES;
				"CODE_SIGN_IDENTITY[sdk=iphoneos*]" = "iPhone Developer";
				COPY_PHASE_STRIP = NO;
				DEBUG_INFORMATION_FORMAT = dwarf;
				ENABLE_STRICT_OBJC_MSGSEND = YES;
				ENABLE_TESTABILITY = YES;
				GCC_C_LANGUAGE_STANDARD = gnu99;
				GCC_DYNAMIC_NO_PIC = NO;
				GCC_NO_COMMON_BLOCKS = YES;
				GCC_OPTIMIZATION_LEVEL = 0;
				GCC_PREPROCESSOR_DEFINITIONS = (
					"DEBUG=1",
					"$(inherited)",
				);
				GCC_WARN_64_TO_32_BIT_CONVERSION = YES;
				GCC_WARN_ABOUT_RETURN_TYPE = YES_ERROR;
				GCC_WARN_UNDECLARED_SELECTOR = YES;
				GCC_WARN_UNINITIALIZED_AUTOS = YES_AGGRESSIVE;
				GCC_WARN_UNUSED_FUNCTION = YES;
				GCC_WARN_UNUSED_VARIABLE = YES;
				IPHONEOS_DEPLOYMENT_TARGET = 9.1;
				MTL_ENABLE_DEBUG_INFO = YES;
				ONLY_ACTIVE_ARCH = YES;
				SDKROOT = iphoneos;
			};
			name = Debug;
		};
		4B7CC9091C1FDEF7002013BE /* Release */ = {
			isa = XCBuildConfiguration;
			buildSettings = {
				ALWAYS_SEARCH_USER_PATHS = NO;
				CLANG_CXX_LANGUAGE_STANDARD = "gnu++0x";
				CLANG_CXX_LIBRARY = "libc++";
				CLANG_ENABLE_MODULES = YES;
				CLANG_ENABLE_OBJC_ARC = YES;
				CLANG_WARN_BOOL_CONVERSION = YES;
				CLANG_WARN_CONSTANT_CONVERSION = YES;
				CLANG_WARN_DIRECT_OBJC_ISA_USAGE = YES_ERROR;
				CLANG_WARN_EMPTY_BODY = YES;
				CLANG_WARN_ENUM_CONVERSION = YES;
				CLANG_WARN_INT_CONVERSION = YES;
				CLANG_WARN_OBJC_ROOT_CLASS = YES_ERROR;
				CLANG_WARN_UNREACHABLE_CODE = YES;
				CLANG_WARN__DUPLICATE_METHOD_MATCH = YES;
				"CODE_SIGN_IDENTITY[sdk=iphoneos*]" = "iPhone Developer";
				COPY_PHASE_STRIP = NO;
				DEBUG_INFORMATION_FORMAT = "dwarf-with-dsym";
				ENABLE_NS_ASSERTIONS = NO;
				ENABLE_STRICT_OBJC_MSGSEND = YES;
				GCC_C_LANGUAGE_STANDARD = gnu99;
				GCC_NO_COMMON_BLOCKS = YES;
				GCC_WARN_64_TO_32_BIT_CONVERSION = YES;
				GCC_WARN_ABOUT_RETURN_TYPE = YES_ERROR;
				GCC_WARN_UNDECLARED_SELECTOR = YES;
				GCC_WARN_UNINITIALIZED_AUTOS = YES_AGGRESSIVE;
				GCC_WARN_UNUSED_FUNCTION = YES;
				GCC_WARN_UNUSED_VARIABLE = YES;
				IPHONEOS_DEPLOYMENT_TARGET = 9.1;
				MTL_ENABLE_DEBUG_INFO = NO;
				SDKROOT = iphoneos;
				VALIDATE_PRODUCT = YES;
			};
			name = Release;
		};
		4B7CC90B1C1FDEF7002013BE /* Debug */ = {
			isa = XCBuildConfiguration;
			buildSettings = {
				ASSETCATALOG_COMPILER_APPICON_NAME = AppIcon;
				CODE_SIGN_IDENTITY = "iPhone Developer";
				INFOPLIST_FILE = "2-dimensional bar code_wzx/Info.plist";
				IPHONEOS_DEPLOYMENT_TARGET = 7.0;
				LD_RUNPATH_SEARCH_PATHS = "$(inherited) @executable_path/Frameworks";
				PRODUCT_BUNDLE_IDENTIFIER = com.wzx;
				PRODUCT_NAME = "$(TARGET_NAME)";
			};
			name = Debug;
		};
		4B7CC90C1C1FDEF7002013BE /* Release */ = {
			isa = XCBuildConfiguration;
			buildSettings = {
				ASSETCATALOG_COMPILER_APPICON_NAME = AppIcon;
				CODE_SIGN_IDENTITY = "iPhone Developer";
				INFOPLIST_FILE = "2-dimensional bar code_wzx/Info.plist";
				IPHONEOS_DEPLOYMENT_TARGET = 7.0;
				LD_RUNPATH_SEARCH_PATHS = "$(inherited) @executable_path/Frameworks";
				PRODUCT_BUNDLE_IDENTIFIER = com.wzx;
				PRODUCT_NAME = "$(TARGET_NAME)";
			};
			name = Release;
		};
		4B7CC90E1C1FDEF7002013BE /* Debug */ = {
			isa = XCBuildConfiguration;
			buildSettings = {
				BUNDLE_LOADER = "$(TEST_HOST)";
				INFOPLIST_FILE = "2-dimensional bar code_wzxTests/Info.plist";
				LD_RUNPATH_SEARCH_PATHS = "$(inherited) @executable_path/Frameworks @loader_path/Frameworks";
				PRODUCT_BUNDLE_IDENTIFIER = "com.wzx.--dimensional-bar-code-wzxTests";
				PRODUCT_NAME = "$(TARGET_NAME)";
				TEST_HOST = "$(BUILT_PRODUCTS_DIR)/2-dimensional bar code_wzx.app/2-dimensional bar code_wzx";
			};
			name = Debug;
		};
		4B7CC90F1C1FDEF7002013BE /* Release */ = {
			isa = XCBuildConfiguration;
			buildSettings = {
				BUNDLE_LOADER = "$(TEST_HOST)";
				INFOPLIST_FILE = "2-dimensional bar code_wzxTests/Info.plist";
				LD_RUNPATH_SEARCH_PATHS = "$(inherited) @executable_path/Frameworks @loader_path/Frameworks";
				PRODUCT_BUNDLE_IDENTIFIER = "com.wzx.--dimensional-bar-code-wzxTests";
				PRODUCT_NAME = "$(TARGET_NAME)";
				TEST_HOST = "$(BUILT_PRODUCTS_DIR)/2-dimensional bar code_wzx.app/2-dimensional bar code_wzx";
			};
			name = Release;
		};
		4B7CC9111C1FDEF7002013BE /* Debug */ = {
			isa = XCBuildConfiguration;
			buildSettings = {
				INFOPLIST_FILE = "2-dimensional bar code_wzxUITests/Info.plist";
				LD_RUNPATH_SEARCH_PATHS = "$(inherited) @executable_path/Frameworks @loader_path/Frameworks";
				PRODUCT_BUNDLE_IDENTIFIER = "com.wzx.--dimensional-bar-code-wzxUITests";
				PRODUCT_NAME = "$(TARGET_NAME)";
				TEST_TARGET_NAME = "2-dimensional bar code_wzx";
				USES_XCTRUNNER = YES;
			};
			name = Debug;
		};
		4B7CC9121C1FDEF7002013BE /* Release */ = {
			isa = XCBuildConfiguration;
			buildSettings = {
				INFOPLIST_FILE = "2-dimensional bar code_wzxUITests/Info.plist";
				LD_RUNPATH_SEARCH_PATHS = "$(inherited) @executable_path/Frameworks @loader_path/Frameworks";
				PRODUCT_BUNDLE_IDENTIFIER = "com.wzx.--dimensional-bar-code-wzxUITests";
				PRODUCT_NAME = "$(TARGET_NAME)";
				TEST_TARGET_NAME = "2-dimensional bar code_wzx";
				USES_XCTRUNNER = YES;
			};
			name = Release;
		};
/* End XCBuildConfiguration section */

/* Begin XCConfigurationList section */
		4B7CC8D81C1FDEF7002013BE /* Build configuration list for PBXProject "2-dimensional bar code_wzx" */ = {
			isa = XCConfigurationList;
			buildConfigurations = (
				4B7CC9081C1FDEF7002013BE /* Debug */,
				4B7CC9091C1FDEF7002013BE /* Release */,
			);
			defaultConfigurationIsVisible = 0;
			defaultConfigurationName = Release;
		};
		4B7CC90A1C1FDEF7002013BE /* Build configuration list for PBXNativeTarget "2-dimensional bar code_wzx" */ = {
			isa = XCConfigurationList;
			buildConfigurations = (
				4B7CC90B1C1FDEF7002013BE /* Debug */,
				4B7CC90C1C1FDEF7002013BE /* Release */,
			);
			defaultConfigurationIsVisible = 0;
		};
		4B7CC90D1C1FDEF7002013BE /* Build configuration list for PBXNativeTarget "2-dimensional bar code_wzxTests" */ = {
			isa = XCConfigurationList;
			buildConfigurations = (
				4B7CC90E1C1FDEF7002013BE /* Debug */,
				4B7CC90F1C1FDEF7002013BE /* Release */,
			);
			defaultConfigurationIsVisible = 0;
		};
		4B7CC9101C1FDEF7002013BE /* Build configuration list for PBXNativeTarget "2-dimensional bar code_wzxUITests" */ = {
			isa = XCConfigurationList;
			buildConfigurations = (
				4B7CC9111C1FDEF7002013BE /* Debug */,
				4B7CC9121C1FDEF7002013BE /* Release */,
			);
			defaultConfigurationIsVisible = 0;
		};
/* End XCConfigurationList section */
	};
	rootObject = 4B7CC8D51C1FDEF7002013BE /* Project object */;
}
